// !$*UTF8*$!
{
	archiveVersion = 1;
	classes = {
	};
	objectVersion = 46;
	objects = {

/* Begin PBXAggregateTarget section */
		"Listener::ListenerPackageTests::ProductTarget" /* ListenerPackageTests */ = {
			isa = PBXAggregateTarget;
			buildConfigurationList = OBJ_106 /* Build configuration list for PBXAggregateTarget "ListenerPackageTests" */;
			buildPhases = (
			);
			dependencies = (
				OBJ_109 /* PBXTargetDependency */,
			);
			name = ListenerPackageTests;
			productName = ListenerPackageTests;
		};
/* End PBXAggregateTarget section */

/* Begin PBXBuildFile section */
		OBJ_104 /* Package.swift in Sources */ = {isa = PBXBuildFile; fileRef = OBJ_6 /* Package.swift */; };
		OBJ_115 /* ListenerTests.swift in Sources */ = {isa = PBXBuildFile; fileRef = OBJ_22 /* ListenerTests.swift */; };
		OBJ_116 /* XCTestManifests.swift in Sources */ = {isa = PBXBuildFile; fileRef = OBJ_23 /* XCTestManifests.swift */; };
		OBJ_118 /* SwiftSerial.framework in Frameworks */ = {isa = PBXBuildFile; fileRef = "SwiftSerial::SwiftSerial::Product" /* SwiftSerial.framework */; };
		OBJ_119 /* RegularExpressionDecoder.framework in Frameworks */ = {isa = PBXBuildFile; fileRef = "RegularExpressionDecoder::RegularExpressionDecoder::Product" /* RegularExpressionDecoder.framework */; };
		OBJ_120 /* Commander.framework in Frameworks */ = {isa = PBXBuildFile; fileRef = "Commander::Commander::Product" /* Commander.framework */; };
		OBJ_129 /* KeyedDecodingContainer.swift in Sources */ = {isa = PBXBuildFile; fileRef = OBJ_40 /* KeyedDecodingContainer.swift */; };
		OBJ_130 /* RegularExpressionDecoder.swift in Sources */ = {isa = PBXBuildFile; fileRef = OBJ_41 /* RegularExpressionDecoder.swift */; };
		OBJ_131 /* RegularExpressionPattern.swift in Sources */ = {isa = PBXBuildFile; fileRef = OBJ_42 /* RegularExpressionPattern.swift */; };
		OBJ_132 /* SingleValueDecodingContainer.swift in Sources */ = {isa = PBXBuildFile; fileRef = OBJ_43 /* SingleValueDecodingContainer.swift */; };
		OBJ_133 /* UnkeyedDecodingContainer.swift in Sources */ = {isa = PBXBuildFile; fileRef = OBJ_44 /* UnkeyedDecodingContainer.swift */; };
		OBJ_140 /* Package.swift in Sources */ = {isa = PBXBuildFile; fileRef = OBJ_38 /* Package.swift */; };
		OBJ_145 /* SwiftSerial.swift in Sources */ = {isa = PBXBuildFile; fileRef = OBJ_47 /* SwiftSerial.swift */; };
		OBJ_152 /* Package.swift in Sources */ = {isa = PBXBuildFile; fileRef = OBJ_46 /* Package.swift */; };
		OBJ_60 /* ArgumentConvertible.swift in Sources */ = {isa = PBXBuildFile; fileRef = OBJ_27 /* ArgumentConvertible.swift */; };
		OBJ_61 /* ArgumentDescription.swift in Sources */ = {isa = PBXBuildFile; fileRef = OBJ_28 /* ArgumentDescription.swift */; };
		OBJ_62 /* ArgumentParser.swift in Sources */ = {isa = PBXBuildFile; fileRef = OBJ_29 /* ArgumentParser.swift */; };
		OBJ_63 /* Command.swift in Sources */ = {isa = PBXBuildFile; fileRef = OBJ_30 /* Command.swift */; };
		OBJ_64 /* CommandRunner.swift in Sources */ = {isa = PBXBuildFile; fileRef = OBJ_31 /* CommandRunner.swift */; };
		OBJ_65 /* CommandType.swift in Sources */ = {isa = PBXBuildFile; fileRef = OBJ_32 /* CommandType.swift */; };
		OBJ_66 /* Commands.swift in Sources */ = {isa = PBXBuildFile; fileRef = OBJ_33 /* Commands.swift */; };
		OBJ_67 /* Error.swift in Sources */ = {isa = PBXBuildFile; fileRef = OBJ_34 /* Error.swift */; };
		OBJ_68 /* Group.swift in Sources */ = {isa = PBXBuildFile; fileRef = OBJ_35 /* Group.swift */; };
		OBJ_75 /* Package.swift in Sources */ = {isa = PBXBuildFile; fileRef = OBJ_36 /* Package.swift */; };
		OBJ_81 /* Listener.swift in Sources */ = {isa = PBXBuildFile; fileRef = OBJ_9 /* Listener.swift */; };
		OBJ_82 /* Call.swift in Sources */ = {isa = PBXBuildFile; fileRef = OBJ_11 /* Call.swift */; };
		OBJ_83 /* Config.swift in Sources */ = {isa = PBXBuildFile; fileRef = OBJ_12 /* Config.swift */; };
		OBJ_84 /* MitelConsole.swift in Sources */ = {isa = PBXBuildFile; fileRef = OBJ_13 /* MitelConsole.swift */; };
		OBJ_85 /* Rule.swift in Sources */ = {isa = PBXBuildFile; fileRef = OBJ_14 /* Rule.swift */; };
		OBJ_86 /* IFTTT.swift in Sources */ = {isa = PBXBuildFile; fileRef = OBJ_16 /* IFTTT.swift */; };
		OBJ_87 /* ServiceHandler.swift in Sources */ = {isa = PBXBuildFile; fileRef = OBJ_17 /* ServiceHandler.swift */; };
		OBJ_88 /* Year.swift in Sources */ = {isa = PBXBuildFile; fileRef = OBJ_18 /* Year.swift */; };
		OBJ_89 /* main.swift in Sources */ = {isa = PBXBuildFile; fileRef = OBJ_19 /* main.swift */; };
		OBJ_91 /* SwiftSerial.framework in Frameworks */ = {isa = PBXBuildFile; fileRef = "SwiftSerial::SwiftSerial::Product" /* SwiftSerial.framework */; };
		OBJ_92 /* RegularExpressionDecoder.framework in Frameworks */ = {isa = PBXBuildFile; fileRef = "RegularExpressionDecoder::RegularExpressionDecoder::Product" /* RegularExpressionDecoder.framework */; };
		OBJ_93 /* Commander.framework in Frameworks */ = {isa = PBXBuildFile; fileRef = "Commander::Commander::Product" /* Commander.framework */; };
/* End PBXBuildFile section */

/* Begin PBXContainerItemProxy section */
		C2096722236B724500FA2478 /* PBXContainerItemProxy */ = {
			isa = PBXContainerItemProxy;
			containerPortal = OBJ_1 /* Project object */;
			proxyType = 1;
			remoteGlobalIDString = "SwiftSerial::SwiftSerial";
			remoteInfo = SwiftSerial;
		};
		C2096723236B724500FA2478 /* PBXContainerItemProxy */ = {
			isa = PBXContainerItemProxy;
			containerPortal = OBJ_1 /* Project object */;
			proxyType = 1;
			remoteGlobalIDString = "RegularExpressionDecoder::RegularExpressionDecoder";
			remoteInfo = RegularExpressionDecoder;
		};
		C2096724236B724500FA2478 /* PBXContainerItemProxy */ = {
			isa = PBXContainerItemProxy;
			containerPortal = OBJ_1 /* Project object */;
			proxyType = 1;
			remoteGlobalIDString = "Commander::Commander";
			remoteInfo = Commander;
		};
		C2096725236B724600FA2478 /* PBXContainerItemProxy */ = {
			isa = PBXContainerItemProxy;
			containerPortal = OBJ_1 /* Project object */;
			proxyType = 1;
			remoteGlobalIDString = "Listener::Listener";
			remoteInfo = Listener;
		};
		C2096726236B724600FA2478 /* PBXContainerItemProxy */ = {
			isa = PBXContainerItemProxy;
			containerPortal = OBJ_1 /* Project object */;
			proxyType = 1;
			remoteGlobalIDString = "SwiftSerial::SwiftSerial";
			remoteInfo = SwiftSerial;
		};
		C2096727236B724600FA2478 /* PBXContainerItemProxy */ = {
			isa = PBXContainerItemProxy;
			containerPortal = OBJ_1 /* Project object */;
			proxyType = 1;
			remoteGlobalIDString = "RegularExpressionDecoder::RegularExpressionDecoder";
			remoteInfo = RegularExpressionDecoder;
		};
		C2096728236B724600FA2478 /* PBXContainerItemProxy */ = {
			isa = PBXContainerItemProxy;
			containerPortal = OBJ_1 /* Project object */;
			proxyType = 1;
			remoteGlobalIDString = "Commander::Commander";
			remoteInfo = Commander;
		};
		C2096729236B724700FA2478 /* PBXContainerItemProxy */ = {
			isa = PBXContainerItemProxy;
			containerPortal = OBJ_1 /* Project object */;
			proxyType = 1;
			remoteGlobalIDString = "Listener::ListenerTests";
			remoteInfo = ListenerTests;
		};
/* End PBXContainerItemProxy section */

/* Begin PBXFileReference section */
		"Commander::Commander::Product" /* Commander.framework */ = {isa = PBXFileReference; lastKnownFileType = wrapper.framework; path = Commander.framework; sourceTree = BUILT_PRODUCTS_DIR; };
		"Listener::Listener::Product" /* Listener */ = {isa = PBXFileReference; explicitFileType = "compiled.mach-o.executable"; path = Listener; sourceTree = BUILT_PRODUCTS_DIR; };
		"Listener::ListenerTests::Product" /* ListenerTests.xctest */ = {isa = PBXFileReference; lastKnownFileType = file; path = ListenerTests.xctest; sourceTree = BUILT_PRODUCTS_DIR; };
		OBJ_11 /* Call.swift */ = {isa = PBXFileReference; lastKnownFileType = sourcecode.swift; path = Call.swift; sourceTree = "<group>"; };
		OBJ_12 /* Config.swift */ = {isa = PBXFileReference; lastKnownFileType = sourcecode.swift; path = Config.swift; sourceTree = "<group>"; };
		OBJ_13 /* MitelConsole.swift */ = {isa = PBXFileReference; lastKnownFileType = sourcecode.swift; path = MitelConsole.swift; sourceTree = "<group>"; };
		OBJ_14 /* Rule.swift */ = {isa = PBXFileReference; lastKnownFileType = sourcecode.swift; path = Rule.swift; sourceTree = "<group>"; };
		OBJ_16 /* IFTTT.swift */ = {isa = PBXFileReference; lastKnownFileType = sourcecode.swift; path = IFTTT.swift; sourceTree = "<group>"; };
		OBJ_17 /* ServiceHandler.swift */ = {isa = PBXFileReference; lastKnownFileType = sourcecode.swift; path = ServiceHandler.swift; sourceTree = "<group>"; };
		OBJ_18 /* Year.swift */ = {isa = PBXFileReference; lastKnownFileType = sourcecode.swift; path = Year.swift; sourceTree = "<group>"; };
		OBJ_19 /* main.swift */ = {isa = PBXFileReference; lastKnownFileType = sourcecode.swift; path = main.swift; sourceTree = "<group>"; };
		OBJ_22 /* ListenerTests.swift */ = {isa = PBXFileReference; lastKnownFileType = sourcecode.swift; path = ListenerTests.swift; sourceTree = "<group>"; };
		OBJ_23 /* XCTestManifests.swift */ = {isa = PBXFileReference; lastKnownFileType = sourcecode.swift; path = XCTestManifests.swift; sourceTree = "<group>"; };
		OBJ_27 /* ArgumentConvertible.swift */ = {isa = PBXFileReference; lastKnownFileType = sourcecode.swift; path = ArgumentConvertible.swift; sourceTree = "<group>"; };
		OBJ_28 /* ArgumentDescription.swift */ = {isa = PBXFileReference; lastKnownFileType = sourcecode.swift; path = ArgumentDescription.swift; sourceTree = "<group>"; };
		OBJ_29 /* ArgumentParser.swift */ = {isa = PBXFileReference; lastKnownFileType = sourcecode.swift; path = ArgumentParser.swift; sourceTree = "<group>"; };
		OBJ_30 /* Command.swift */ = {isa = PBXFileReference; lastKnownFileType = sourcecode.swift; path = Command.swift; sourceTree = "<group>"; };
		OBJ_31 /* CommandRunner.swift */ = {isa = PBXFileReference; lastKnownFileType = sourcecode.swift; path = CommandRunner.swift; sourceTree = "<group>"; };
		OBJ_32 /* CommandType.swift */ = {isa = PBXFileReference; lastKnownFileType = sourcecode.swift; path = CommandType.swift; sourceTree = "<group>"; };
		OBJ_33 /* Commands.swift */ = {isa = PBXFileReference; lastKnownFileType = sourcecode.swift; path = Commands.swift; sourceTree = "<group>"; };
		OBJ_34 /* Error.swift */ = {isa = PBXFileReference; lastKnownFileType = sourcecode.swift; path = Error.swift; sourceTree = "<group>"; };
		OBJ_35 /* Group.swift */ = {isa = PBXFileReference; lastKnownFileType = sourcecode.swift; path = Group.swift; sourceTree = "<group>"; };
		OBJ_36 /* Package.swift */ = {isa = PBXFileReference; explicitFileType = sourcecode.swift; name = Package.swift; path = /Users/nehalpatel/Desktop/Swift/Linux/Listener/.build/checkouts/Commander/Package.swift; sourceTree = "<group>"; };
		OBJ_38 /* Package.swift */ = {isa = PBXFileReference; explicitFileType = sourcecode.swift; name = Package.swift; path = /Users/nehalpatel/Desktop/Swift/Linux/Listener/.build/checkouts/RegularExpressionDecoder/Package.swift; sourceTree = "<group>"; };
		OBJ_40 /* KeyedDecodingContainer.swift */ = {isa = PBXFileReference; lastKnownFileType = sourcecode.swift; path = KeyedDecodingContainer.swift; sourceTree = "<group>"; };
		OBJ_41 /* RegularExpressionDecoder.swift */ = {isa = PBXFileReference; lastKnownFileType = sourcecode.swift; path = RegularExpressionDecoder.swift; sourceTree = "<group>"; };
		OBJ_42 /* RegularExpressionPattern.swift */ = {isa = PBXFileReference; lastKnownFileType = sourcecode.swift; path = RegularExpressionPattern.swift; sourceTree = "<group>"; };
		OBJ_43 /* SingleValueDecodingContainer.swift */ = {isa = PBXFileReference; lastKnownFileType = sourcecode.swift; path = SingleValueDecodingContainer.swift; sourceTree = "<group>"; };
		OBJ_44 /* UnkeyedDecodingContainer.swift */ = {isa = PBXFileReference; lastKnownFileType = sourcecode.swift; path = UnkeyedDecodingContainer.swift; sourceTree = "<group>"; };
		OBJ_46 /* Package.swift */ = {isa = PBXFileReference; explicitFileType = sourcecode.swift; name = Package.swift; path = /Users/nehalpatel/Desktop/Swift/Linux/Listener/.build/checkouts/SwiftSerial/Package.swift; sourceTree = "<group>"; };
		OBJ_47 /* SwiftSerial.swift */ = {isa = PBXFileReference; lastKnownFileType = sourcecode.swift; path = SwiftSerial.swift; sourceTree = "<group>"; };
		OBJ_54 /* README.md */ = {isa = PBXFileReference; lastKnownFileType = net.daringfireball.markdown; path = README.md; sourceTree = "<group>"; };
		OBJ_6 /* Package.swift */ = {isa = PBXFileReference; explicitFileType = sourcecode.swift; path = Package.swift; sourceTree = "<group>"; };
		OBJ_9 /* Listener.swift */ = {isa = PBXFileReference; lastKnownFileType = sourcecode.swift; path = Listener.swift; sourceTree = "<group>"; };
		"RegularExpressionDecoder::RegularExpressionDecoder::Product" /* RegularExpressionDecoder.framework */ = {isa = PBXFileReference; lastKnownFileType = wrapper.framework; path = RegularExpressionDecoder.framework; sourceTree = BUILT_PRODUCTS_DIR; };
		"SwiftSerial::SwiftSerial::Product" /* SwiftSerial.framework */ = {isa = PBXFileReference; lastKnownFileType = wrapper.framework; path = SwiftSerial.framework; sourceTree = BUILT_PRODUCTS_DIR; };
/* End PBXFileReference section */

/* Begin PBXFrameworksBuildPhase section */
		OBJ_117 /* Frameworks */ = {
			isa = PBXFrameworksBuildPhase;
			buildActionMask = 0;
			files = (
				OBJ_118 /* SwiftSerial.framework in Frameworks */,
				OBJ_119 /* RegularExpressionDecoder.framework in Frameworks */,
				OBJ_120 /* Commander.framework in Frameworks */,
			);
			runOnlyForDeploymentPostprocessing = 0;
		};
		OBJ_134 /* Frameworks */ = {
			isa = PBXFrameworksBuildPhase;
			buildActionMask = 0;
			files = (
			);
			runOnlyForDeploymentPostprocessing = 0;
		};
		OBJ_146 /* Frameworks */ = {
			isa = PBXFrameworksBuildPhase;
			buildActionMask = 0;
			files = (
			);
			runOnlyForDeploymentPostprocessing = 0;
		};
		OBJ_69 /* Frameworks */ = {
			isa = PBXFrameworksBuildPhase;
			buildActionMask = 0;
			files = (
			);
			runOnlyForDeploymentPostprocessing = 0;
		};
		OBJ_90 /* Frameworks */ = {
			isa = PBXFrameworksBuildPhase;
			buildActionMask = 0;
			files = (
				OBJ_91 /* SwiftSerial.framework in Frameworks */,
				OBJ_92 /* RegularExpressionDecoder.framework in Frameworks */,
				OBJ_93 /* Commander.framework in Frameworks */,
			);
			runOnlyForDeploymentPostprocessing = 0;
		};
/* End PBXFrameworksBuildPhase section */

/* Begin PBXGroup section */
		OBJ_10 /* MitelConsole */ = {
			isa = PBXGroup;
			children = (
				OBJ_13 /* MitelConsole.swift */,
				OBJ_11 /* Call.swift */,
				OBJ_18 /* Year.swift */,
			);
			path = MitelConsole;
			sourceTree = "<group>";
		};
		OBJ_15 /* Services */ = {
			isa = PBXGroup;
			children = (
				OBJ_16 /* IFTTT.swift */,
				OBJ_17 /* ServiceHandler.swift */,
			);
			path = Services;
			sourceTree = "<group>";
		};
		OBJ_20 /* Tests */ = {
			isa = PBXGroup;
			children = (
				OBJ_21 /* ListenerTests */,
			);
			name = Tests;
			sourceTree = SOURCE_ROOT;
		};
		OBJ_21 /* ListenerTests */ = {
			isa = PBXGroup;
			children = (
				OBJ_22 /* ListenerTests.swift */,
				OBJ_23 /* XCTestManifests.swift */,
			);
			name = ListenerTests;
			path = Tests/ListenerTests;
			sourceTree = SOURCE_ROOT;
		};
		OBJ_24 /* Dependencies */ = {
			isa = PBXGroup;
			children = (
				OBJ_25 /* Commander 0.9.1 */,
				OBJ_37 /* RegularExpressionDecoder 0.1.0 */,
				OBJ_45 /* SwiftSerial 0.1.1 */,
			);
			name = Dependencies;
			sourceTree = "<group>";
		};
		OBJ_25 /* Commander 0.9.1 */ = {
			isa = PBXGroup;
			children = (
				OBJ_26 /* Commander */,
				OBJ_36 /* Package.swift */,
			);
			name = "Commander 0.9.1";
			sourceTree = SOURCE_ROOT;
		};
		OBJ_26 /* Commander */ = {
			isa = PBXGroup;
			children = (
				OBJ_27 /* ArgumentConvertible.swift */,
				OBJ_28 /* ArgumentDescription.swift */,
				OBJ_29 /* ArgumentParser.swift */,
				OBJ_30 /* Command.swift */,
				OBJ_31 /* CommandRunner.swift */,
				OBJ_32 /* CommandType.swift */,
				OBJ_33 /* Commands.swift */,
				OBJ_34 /* Error.swift */,
				OBJ_35 /* Group.swift */,
			);
			name = Commander;
			path = .build/checkouts/Commander/Sources/Commander;
			sourceTree = SOURCE_ROOT;
		};
		OBJ_37 /* RegularExpressionDecoder 0.1.0 */ = {
			isa = PBXGroup;
			children = (
				OBJ_38 /* Package.swift */,
				OBJ_39 /* RegularExpressionDecoder */,
			);
			name = "RegularExpressionDecoder 0.1.0";
			path = .build/checkouts/RegularExpressionDecoder/Sources;
			sourceTree = SOURCE_ROOT;
		};
		OBJ_39 /* RegularExpressionDecoder */ = {
			isa = PBXGroup;
			children = (
				OBJ_40 /* KeyedDecodingContainer.swift */,
				OBJ_41 /* RegularExpressionDecoder.swift */,
				OBJ_42 /* RegularExpressionPattern.swift */,
				OBJ_43 /* SingleValueDecodingContainer.swift */,
				OBJ_44 /* UnkeyedDecodingContainer.swift */,
			);
			path = RegularExpressionDecoder;
			sourceTree = "<group>";
		};
		OBJ_45 /* SwiftSerial 0.1.1 */ = {
			isa = PBXGroup;
			children = (
				OBJ_46 /* Package.swift */,
				OBJ_47 /* SwiftSerial.swift */,
			);
			name = "SwiftSerial 0.1.1";
			path = .build/checkouts/SwiftSerial/Sources;
			sourceTree = SOURCE_ROOT;
		};
		OBJ_48 /* Products */ = {
			isa = PBXGroup;
			children = (
				"Listener::ListenerTests::Product" /* ListenerTests.xctest */,
				"Listener::Listener::Product" /* Listener */,
				"RegularExpressionDecoder::RegularExpressionDecoder::Product" /* RegularExpressionDecoder.framework */,
				"Commander::Commander::Product" /* Commander.framework */,
				"SwiftSerial::SwiftSerial::Product" /* SwiftSerial.framework */,
			);
			name = Products;
			sourceTree = BUILT_PRODUCTS_DIR;
		};
		OBJ_5 = {
			isa = PBXGroup;
			children = (
				OBJ_6 /* Package.swift */,
				OBJ_7 /* Sources */,
				OBJ_20 /* Tests */,
				OBJ_24 /* Dependencies */,
				OBJ_48 /* Products */,
				OBJ_54 /* README.md */,
			);
			sourceTree = "<group>";
		};
		OBJ_7 /* Sources */ = {
			isa = PBXGroup;
			children = (
				OBJ_19 /* main.swift */,
				OBJ_8 /* ListenerCore */,
				OBJ_10 /* MitelConsole */,
			);
			name = Sources;
			sourceTree = SOURCE_ROOT;
		};
		OBJ_8 /* ListenerCore */ = {
			isa = PBXGroup;
			children = (
				OBJ_9 /* Listener.swift */,
				OBJ_12 /* Config.swift */,
				OBJ_14 /* Rule.swift */,
				OBJ_15 /* Services */,
			);
			name = ListenerCore;
			path = Sources/ListenerCore;
			sourceTree = SOURCE_ROOT;
		};
/* End PBXGroup section */

/* Begin PBXNativeTarget section */
		"Commander::Commander" /* Commander */ = {
			isa = PBXNativeTarget;
			buildConfigurationList = OBJ_56 /* Build configuration list for PBXNativeTarget "Commander" */;
			buildPhases = (
				OBJ_59 /* Sources */,
				OBJ_69 /* Frameworks */,
			);
			buildRules = (
			);
			dependencies = (
			);
			name = Commander;
			productName = Commander;
			productReference = "Commander::Commander::Product" /* Commander.framework */;
			productType = "com.apple.product-type.framework";
		};
		"Commander::SwiftPMPackageDescription" /* CommanderPackageDescription */ = {
			isa = PBXNativeTarget;
			buildConfigurationList = OBJ_71 /* Build configuration list for PBXNativeTarget "CommanderPackageDescription" */;
			buildPhases = (
				OBJ_74 /* Sources */,
			);
			buildRules = (
			);
			dependencies = (
			);
			name = CommanderPackageDescription;
			productName = CommanderPackageDescription;
			productType = "com.apple.product-type.framework";
		};
		"Listener::Listener" /* Listener */ = {
			isa = PBXNativeTarget;
			buildConfigurationList = OBJ_77 /* Build configuration list for PBXNativeTarget "Listener" */;
			buildPhases = (
				OBJ_80 /* Sources */,
				OBJ_90 /* Frameworks */,
			);
			buildRules = (
			);
			dependencies = (
				OBJ_94 /* PBXTargetDependency */,
				OBJ_96 /* PBXTargetDependency */,
				OBJ_98 /* PBXTargetDependency */,
			);
			name = Listener;
			productName = Listener;
			productReference = "Listener::Listener::Product" /* Listener */;
			productType = "com.apple.product-type.tool";
		};
		"Listener::ListenerTests" /* ListenerTests */ = {
			isa = PBXNativeTarget;
			buildConfigurationList = OBJ_111 /* Build configuration list for PBXNativeTarget "ListenerTests" */;
			buildPhases = (
				OBJ_114 /* Sources */,
				OBJ_117 /* Frameworks */,
			);
			buildRules = (
			);
			dependencies = (
				OBJ_121 /* PBXTargetDependency */,
				OBJ_122 /* PBXTargetDependency */,
				OBJ_123 /* PBXTargetDependency */,
				OBJ_124 /* PBXTargetDependency */,
			);
			name = ListenerTests;
			productName = ListenerTests;
			productReference = "Listener::ListenerTests::Product" /* ListenerTests.xctest */;
			productType = "com.apple.product-type.bundle.unit-test";
		};
		"Listener::SwiftPMPackageDescription" /* ListenerPackageDescription */ = {
			isa = PBXNativeTarget;
			buildConfigurationList = OBJ_100 /* Build configuration list for PBXNativeTarget "ListenerPackageDescription" */;
			buildPhases = (
				OBJ_103 /* Sources */,
			);
			buildRules = (
			);
			dependencies = (
			);
			name = ListenerPackageDescription;
			productName = ListenerPackageDescription;
			productType = "com.apple.product-type.framework";
		};
		"RegularExpressionDecoder::RegularExpressionDecoder" /* RegularExpressionDecoder */ = {
			isa = PBXNativeTarget;
			buildConfigurationList = OBJ_125 /* Build configuration list for PBXNativeTarget "RegularExpressionDecoder" */;
			buildPhases = (
				OBJ_128 /* Sources */,
				OBJ_134 /* Frameworks */,
			);
			buildRules = (
			);
			dependencies = (
			);
			name = RegularExpressionDecoder;
			productName = RegularExpressionDecoder;
			productReference = "RegularExpressionDecoder::RegularExpressionDecoder::Product" /* RegularExpressionDecoder.framework */;
			productType = "com.apple.product-type.framework";
		};
		"RegularExpressionDecoder::SwiftPMPackageDescription" /* RegularExpressionDecoderPackageDescription */ = {
			isa = PBXNativeTarget;
			buildConfigurationList = OBJ_136 /* Build configuration list for PBXNativeTarget "RegularExpressionDecoderPackageDescription" */;
			buildPhases = (
				OBJ_139 /* Sources */,
			);
			buildRules = (
			);
			dependencies = (
			);
			name = RegularExpressionDecoderPackageDescription;
			productName = RegularExpressionDecoderPackageDescription;
			productType = "com.apple.product-type.framework";
		};
		"SwiftSerial::SwiftPMPackageDescription" /* SwiftSerialPackageDescription */ = {
			isa = PBXNativeTarget;
			buildConfigurationList = OBJ_148 /* Build configuration list for PBXNativeTarget "SwiftSerialPackageDescription" */;
			buildPhases = (
				OBJ_151 /* Sources */,
			);
			buildRules = (
			);
			dependencies = (
			);
			name = SwiftSerialPackageDescription;
			productName = SwiftSerialPackageDescription;
			productType = "com.apple.product-type.framework";
		};
		"SwiftSerial::SwiftSerial" /* SwiftSerial */ = {
			isa = PBXNativeTarget;
			buildConfigurationList = OBJ_141 /* Build configuration list for PBXNativeTarget "SwiftSerial" */;
			buildPhases = (
				OBJ_144 /* Sources */,
				OBJ_146 /* Frameworks */,
			);
			buildRules = (
			);
			dependencies = (
			);
			name = SwiftSerial;
			productName = SwiftSerial;
			productReference = "SwiftSerial::SwiftSerial::Product" /* SwiftSerial.framework */;
			productType = "com.apple.product-type.framework";
		};
/* End PBXNativeTarget section */

/* Begin PBXProject section */
		OBJ_1 /* Project object */ = {
			isa = PBXProject;
			attributes = {
				LastSwiftMigration = 9999;
				LastUpgradeCheck = 9999;
			};
			buildConfigurationList = OBJ_2 /* Build configuration list for PBXProject "Listener" */;
			compatibilityVersion = "Xcode 3.2";
			developmentRegion = en;
			hasScannedForEncodings = 0;
			knownRegions = (
				en,
			);
			mainGroup = OBJ_5;
			productRefGroup = OBJ_48 /* Products */;
			projectDirPath = "";
			projectRoot = "";
			targets = (
				"Commander::Commander" /* Commander */,
				"Commander::SwiftPMPackageDescription" /* CommanderPackageDescription */,
				"Listener::Listener" /* Listener */,
				"Listener::SwiftPMPackageDescription" /* ListenerPackageDescription */,
				"Listener::ListenerPackageTests::ProductTarget" /* ListenerPackageTests */,
				"Listener::ListenerTests" /* ListenerTests */,
				"RegularExpressionDecoder::RegularExpressionDecoder" /* RegularExpressionDecoder */,
				"RegularExpressionDecoder::SwiftPMPackageDescription" /* RegularExpressionDecoderPackageDescription */,
				"SwiftSerial::SwiftSerial" /* SwiftSerial */,
				"SwiftSerial::SwiftPMPackageDescription" /* SwiftSerialPackageDescription */,
			);
		};
/* End PBXProject section */

/* Begin PBXSourcesBuildPhase section */
		OBJ_103 /* Sources */ = {
			isa = PBXSourcesBuildPhase;
			buildActionMask = 0;
			files = (
				OBJ_104 /* Package.swift in Sources */,
			);
			runOnlyForDeploymentPostprocessing = 0;
		};
		OBJ_114 /* Sources */ = {
			isa = PBXSourcesBuildPhase;
			buildActionMask = 0;
			files = (
				OBJ_115 /* ListenerTests.swift in Sources */,
				OBJ_116 /* XCTestManifests.swift in Sources */,
			);
			runOnlyForDeploymentPostprocessing = 0;
		};
		OBJ_128 /* Sources */ = {
			isa = PBXSourcesBuildPhase;
			buildActionMask = 0;
			files = (
				OBJ_129 /* KeyedDecodingContainer.swift in Sources */,
				OBJ_130 /* RegularExpressionDecoder.swift in Sources */,
				OBJ_131 /* RegularExpressionPattern.swift in Sources */,
				OBJ_132 /* SingleValueDecodingContainer.swift in Sources */,
				OBJ_133 /* UnkeyedDecodingContainer.swift in Sources */,
			);
			runOnlyForDeploymentPostprocessing = 0;
		};
		OBJ_139 /* Sources */ = {
			isa = PBXSourcesBuildPhase;
			buildActionMask = 0;
			files = (
				OBJ_140 /* Package.swift in Sources */,
			);
			runOnlyForDeploymentPostprocessing = 0;
		};
		OBJ_144 /* Sources */ = {
			isa = PBXSourcesBuildPhase;
			buildActionMask = 0;
			files = (
				OBJ_145 /* SwiftSerial.swift in Sources */,
			);
			runOnlyForDeploymentPostprocessing = 0;
		};
		OBJ_151 /* Sources */ = {
			isa = PBXSourcesBuildPhase;
			buildActionMask = 0;
			files = (
				OBJ_152 /* Package.swift in Sources */,
			);
			runOnlyForDeploymentPostprocessing = 0;
		};
		OBJ_59 /* Sources */ = {
			isa = PBXSourcesBuildPhase;
			buildActionMask = 0;
			files = (
				OBJ_60 /* ArgumentConvertible.swift in Sources */,
				OBJ_61 /* ArgumentDescription.swift in Sources */,
				OBJ_62 /* ArgumentParser.swift in Sources */,
				OBJ_63 /* Command.swift in Sources */,
				OBJ_64 /* CommandRunner.swift in Sources */,
				OBJ_65 /* CommandType.swift in Sources */,
				OBJ_66 /* Commands.swift in Sources */,
				OBJ_67 /* Error.swift in Sources */,
				OBJ_68 /* Group.swift in Sources */,
			);
			runOnlyForDeploymentPostprocessing = 0;
		};
		OBJ_74 /* Sources */ = {
			isa = PBXSourcesBuildPhase;
			buildActionMask = 0;
			files = (
				OBJ_75 /* Package.swift in Sources */,
			);
			runOnlyForDeploymentPostprocessing = 0;
		};
		OBJ_80 /* Sources */ = {
			isa = PBXSourcesBuildPhase;
			buildActionMask = 0;
			files = (
				OBJ_81 /* Listener.swift in Sources */,
				OBJ_82 /* Call.swift in Sources */,
				OBJ_83 /* Config.swift in Sources */,
				OBJ_84 /* MitelConsole.swift in Sources */,
				OBJ_85 /* Rule.swift in Sources */,
				OBJ_86 /* IFTTT.swift in Sources */,
				OBJ_87 /* ServiceHandler.swift in Sources */,
				OBJ_88 /* Year.swift in Sources */,
				OBJ_89 /* main.swift in Sources */,
			);
			runOnlyForDeploymentPostprocessing = 0;
		};
/* End PBXSourcesBuildPhase section */

/* Begin PBXTargetDependency section */
		OBJ_109 /* PBXTargetDependency */ = {
			isa = PBXTargetDependency;
			target = "Listener::ListenerTests" /* ListenerTests */;
			targetProxy = C2096729236B724700FA2478 /* PBXContainerItemProxy */;
		};
		OBJ_121 /* PBXTargetDependency */ = {
			isa = PBXTargetDependency;
			target = "Listener::Listener" /* Listener */;
			targetProxy = C2096725236B724600FA2478 /* PBXContainerItemProxy */;
		};
		OBJ_122 /* PBXTargetDependency */ = {
			isa = PBXTargetDependency;
			target = "SwiftSerial::SwiftSerial" /* SwiftSerial */;
			targetProxy = C2096726236B724600FA2478 /* PBXContainerItemProxy */;
		};
		OBJ_123 /* PBXTargetDependency */ = {
			isa = PBXTargetDependency;
			target = "RegularExpressionDecoder::RegularExpressionDecoder" /* RegularExpressionDecoder */;
			targetProxy = C2096727236B724600FA2478 /* PBXContainerItemProxy */;
		};
		OBJ_124 /* PBXTargetDependency */ = {
			isa = PBXTargetDependency;
			target = "Commander::Commander" /* Commander */;
			targetProxy = C2096728236B724600FA2478 /* PBXContainerItemProxy */;
		};
		OBJ_94 /* PBXTargetDependency */ = {
			isa = PBXTargetDependency;
			target = "SwiftSerial::SwiftSerial" /* SwiftSerial */;
			targetProxy = C2096722236B724500FA2478 /* PBXContainerItemProxy */;
		};
		OBJ_96 /* PBXTargetDependency */ = {
			isa = PBXTargetDependency;
			target = "RegularExpressionDecoder::RegularExpressionDecoder" /* RegularExpressionDecoder */;
			targetProxy = C2096723236B724500FA2478 /* PBXContainerItemProxy */;
		};
		OBJ_98 /* PBXTargetDependency */ = {
			isa = PBXTargetDependency;
			target = "Commander::Commander" /* Commander */;
			targetProxy = C2096724236B724500FA2478 /* PBXContainerItemProxy */;
		};
/* End PBXTargetDependency section */

/* Begin XCBuildConfiguration section */
		OBJ_101 /* Debug */ = {
			isa = XCBuildConfiguration;
			buildSettings = {
				LD = /usr/bin/true;
				OTHER_SWIFT_FLAGS = "-swift-version 5 -I $(TOOLCHAIN_DIR)/usr/lib/swift/pm/4_2 -target x86_64-apple-macosx10.10 -sdk /Applications/Xcode.app/Contents/Developer/Platforms/MacOSX.platform/Developer/SDKs/MacOSX10.15.sdk -package-description-version 5.1";
				SWIFT_VERSION = 5.0;
			};
			name = Debug;
		};
		OBJ_102 /* Release */ = {
			isa = XCBuildConfiguration;
			buildSettings = {
				LD = /usr/bin/true;
				OTHER_SWIFT_FLAGS = "-swift-version 5 -I $(TOOLCHAIN_DIR)/usr/lib/swift/pm/4_2 -target x86_64-apple-macosx10.10 -sdk /Applications/Xcode.app/Contents/Developer/Platforms/MacOSX.platform/Developer/SDKs/MacOSX10.15.sdk -package-description-version 5.1";
				SWIFT_VERSION = 5.0;
			};
			name = Release;
		};
		OBJ_107 /* Debug */ = {
			isa = XCBuildConfiguration;
			buildSettings = {
			};
			name = Debug;
		};
		OBJ_108 /* Release */ = {
			isa = XCBuildConfiguration;
			buildSettings = {
			};
			name = Release;
		};
		OBJ_112 /* Debug */ = {
			isa = XCBuildConfiguration;
			buildSettings = {
				CLANG_ENABLE_MODULES = YES;
				EMBEDDED_CONTENT_CONTAINS_SWIFT = YES;
				FRAMEWORK_SEARCH_PATHS = (
					"$(inherited)",
					"$(PLATFORM_DIR)/Developer/Library/Frameworks",
				);
				HEADER_SEARCH_PATHS = "$(inherited)";
				INFOPLIST_FILE = Listener.xcodeproj/ListenerTests_Info.plist;
				IPHONEOS_DEPLOYMENT_TARGET = 8.0;
				LD_RUNPATH_SEARCH_PATHS = "$(inherited) @loader_path/../Frameworks @loader_path/Frameworks";
				MACOSX_DEPLOYMENT_TARGET = 10.10;
				OTHER_CFLAGS = "$(inherited)";
				OTHER_LDFLAGS = "$(inherited)";
				OTHER_SWIFT_FLAGS = "$(inherited)";
				SWIFT_ACTIVE_COMPILATION_CONDITIONS = "$(inherited)";
				SWIFT_VERSION = 5.0;
				TARGET_NAME = ListenerTests;
				TVOS_DEPLOYMENT_TARGET = 9.0;
				WATCHOS_DEPLOYMENT_TARGET = 2.0;
			};
			name = Debug;
		};
		OBJ_113 /* Release */ = {
			isa = XCBuildConfiguration;
			buildSettings = {
				CLANG_ENABLE_MODULES = YES;
				EMBEDDED_CONTENT_CONTAINS_SWIFT = YES;
				FRAMEWORK_SEARCH_PATHS = (
					"$(inherited)",
					"$(PLATFORM_DIR)/Developer/Library/Frameworks",
				);
				HEADER_SEARCH_PATHS = "$(inherited)";
				INFOPLIST_FILE = Listener.xcodeproj/ListenerTests_Info.plist;
				IPHONEOS_DEPLOYMENT_TARGET = 8.0;
				LD_RUNPATH_SEARCH_PATHS = "$(inherited) @loader_path/../Frameworks @loader_path/Frameworks";
				MACOSX_DEPLOYMENT_TARGET = 10.10;
				OTHER_CFLAGS = "$(inherited)";
				OTHER_LDFLAGS = "$(inherited)";
				OTHER_SWIFT_FLAGS = "$(inherited)";
				SWIFT_ACTIVE_COMPILATION_CONDITIONS = "$(inherited)";
				SWIFT_VERSION = 5.0;
				TARGET_NAME = ListenerTests;
				TVOS_DEPLOYMENT_TARGET = 9.0;
				WATCHOS_DEPLOYMENT_TARGET = 2.0;
			};
			name = Release;
		};
		OBJ_126 /* Debug */ = {
			isa = XCBuildConfiguration;
			buildSettings = {
				ENABLE_TESTABILITY = YES;
				FRAMEWORK_SEARCH_PATHS = (
					"$(inherited)",
					"$(PLATFORM_DIR)/Developer/Library/Frameworks",
				);
				HEADER_SEARCH_PATHS = "$(inherited)";
				INFOPLIST_FILE = Listener.xcodeproj/RegularExpressionDecoder_Info.plist;
				LD_RUNPATH_SEARCH_PATHS = "$(inherited) $(TOOLCHAIN_DIR)/usr/lib/swift/macosx";
				OTHER_CFLAGS = "$(inherited)";
				OTHER_LDFLAGS = "$(inherited)";
				OTHER_SWIFT_FLAGS = "$(inherited)";
				PRODUCT_BUNDLE_IDENTIFIER = RegularExpressionDecoder;
				PRODUCT_MODULE_NAME = "$(TARGET_NAME:c99extidentifier)";
				PRODUCT_NAME = "$(TARGET_NAME:c99extidentifier)";
				SKIP_INSTALL = YES;
				SWIFT_ACTIVE_COMPILATION_CONDITIONS = "$(inherited)";
				SWIFT_VERSION = 4.0;
				TARGET_NAME = RegularExpressionDecoder;
			};
			name = Debug;
		};
		OBJ_127 /* Release */ = {
			isa = XCBuildConfiguration;
			buildSettings = {
				ENABLE_TESTABILITY = YES;
				FRAMEWORK_SEARCH_PATHS = (
					"$(inherited)",
					"$(PLATFORM_DIR)/Developer/Library/Frameworks",
				);
				HEADER_SEARCH_PATHS = "$(inherited)";
				INFOPLIST_FILE = Listener.xcodeproj/RegularExpressionDecoder_Info.plist;
				LD_RUNPATH_SEARCH_PATHS = "$(inherited) $(TOOLCHAIN_DIR)/usr/lib/swift/macosx";
				OTHER_CFLAGS = "$(inherited)";
				OTHER_LDFLAGS = "$(inherited)";
				OTHER_SWIFT_FLAGS = "$(inherited)";
				PRODUCT_BUNDLE_IDENTIFIER = RegularExpressionDecoder;
				PRODUCT_MODULE_NAME = "$(TARGET_NAME:c99extidentifier)";
				PRODUCT_NAME = "$(TARGET_NAME:c99extidentifier)";
				SKIP_INSTALL = YES;
				SWIFT_ACTIVE_COMPILATION_CONDITIONS = "$(inherited)";
				SWIFT_VERSION = 4.0;
				TARGET_NAME = RegularExpressionDecoder;
			};
			name = Release;
		};
		OBJ_137 /* Debug */ = {
			isa = XCBuildConfiguration;
			buildSettings = {
				LD = /usr/bin/true;
				OTHER_SWIFT_FLAGS = "-swift-version 4 -I $(TOOLCHAIN_DIR)/usr/lib/swift/pm/4 -target x86_64-apple-macosx10.10 -sdk /Applications/Xcode.app/Contents/Developer/Platforms/MacOSX.platform/Developer/SDKs/MacOSX10.15.sdk -package-description-version 4";
				SWIFT_VERSION = 4.0;
			};
			name = Debug;
		};
		OBJ_138 /* Release */ = {
			isa = XCBuildConfiguration;
			buildSettings = {
				LD = /usr/bin/true;
				OTHER_SWIFT_FLAGS = "-swift-version 4 -I $(TOOLCHAIN_DIR)/usr/lib/swift/pm/4 -target x86_64-apple-macosx10.10 -sdk /Applications/Xcode.app/Contents/Developer/Platforms/MacOSX.platform/Developer/SDKs/MacOSX10.15.sdk -package-description-version 4";
				SWIFT_VERSION = 4.0;
			};
			name = Release;
		};
		OBJ_142 /* Debug */ = {
			isa = XCBuildConfiguration;
			buildSettings = {
				ENABLE_TESTABILITY = YES;
				FRAMEWORK_SEARCH_PATHS = (
					"$(inherited)",
					"$(PLATFORM_DIR)/Developer/Library/Frameworks",
				);
				HEADER_SEARCH_PATHS = "$(inherited)";
				INFOPLIST_FILE = Listener.xcodeproj/SwiftSerial_Info.plist;
				IPHONEOS_DEPLOYMENT_TARGET = 8.0;
				LD_RUNPATH_SEARCH_PATHS = "$(inherited) $(TOOLCHAIN_DIR)/usr/lib/swift/macosx";
				MACOSX_DEPLOYMENT_TARGET = 10.10;
				OTHER_CFLAGS = "$(inherited)";
				OTHER_LDFLAGS = "$(inherited)";
				OTHER_SWIFT_FLAGS = "$(inherited)";
				PRODUCT_BUNDLE_IDENTIFIER = SwiftSerial;
				PRODUCT_MODULE_NAME = "$(TARGET_NAME:c99extidentifier)";
				PRODUCT_NAME = "$(TARGET_NAME:c99extidentifier)";
				SKIP_INSTALL = YES;
				SWIFT_ACTIVE_COMPILATION_CONDITIONS = "$(inherited)";
				SWIFT_VERSION = 5.0;
				TARGET_NAME = SwiftSerial;
				TVOS_DEPLOYMENT_TARGET = 9.0;
				WATCHOS_DEPLOYMENT_TARGET = 2.0;
			};
			name = Debug;
		};
		OBJ_143 /* Release */ = {
			isa = XCBuildConfiguration;
			buildSettings = {
				ENABLE_TESTABILITY = YES;
				FRAMEWORK_SEARCH_PATHS = (
					"$(inherited)",
					"$(PLATFORM_DIR)/Developer/Library/Frameworks",
				);
				HEADER_SEARCH_PATHS = "$(inherited)";
				INFOPLIST_FILE = Listener.xcodeproj/SwiftSerial_Info.plist;
				IPHONEOS_DEPLOYMENT_TARGET = 8.0;
				LD_RUNPATH_SEARCH_PATHS = "$(inherited) $(TOOLCHAIN_DIR)/usr/lib/swift/macosx";
				MACOSX_DEPLOYMENT_TARGET = 10.10;
				OTHER_CFLAGS = "$(inherited)";
				OTHER_LDFLAGS = "$(inherited)";
				OTHER_SWIFT_FLAGS = "$(inherited)";
				PRODUCT_BUNDLE_IDENTIFIER = SwiftSerial;
				PRODUCT_MODULE_NAME = "$(TARGET_NAME:c99extidentifier)";
				PRODUCT_NAME = "$(TARGET_NAME:c99extidentifier)";
				SKIP_INSTALL = YES;
				SWIFT_ACTIVE_COMPILATION_CONDITIONS = "$(inherited)";
				SWIFT_VERSION = 5.0;
				TARGET_NAME = SwiftSerial;
				TVOS_DEPLOYMENT_TARGET = 9.0;
				WATCHOS_DEPLOYMENT_TARGET = 2.0;
			};
			name = Release;
		};
		OBJ_149 /* Debug */ = {
			isa = XCBuildConfiguration;
			buildSettings = {
				LD = /usr/bin/true;
				OTHER_SWIFT_FLAGS = "-swift-version 5 -I $(TOOLCHAIN_DIR)/usr/lib/swift/pm/4_2 -target x86_64-apple-macosx10.10 -sdk /Applications/Xcode.app/Contents/Developer/Platforms/MacOSX.platform/Developer/SDKs/MacOSX10.15.sdk -package-description-version 5";
				SWIFT_VERSION = 5.0;
			};
			name = Debug;
		};
		OBJ_150 /* Release */ = {
			isa = XCBuildConfiguration;
			buildSettings = {
				LD = /usr/bin/true;
				OTHER_SWIFT_FLAGS = "-swift-version 5 -I $(TOOLCHAIN_DIR)/usr/lib/swift/pm/4_2 -target x86_64-apple-macosx10.10 -sdk /Applications/Xcode.app/Contents/Developer/Platforms/MacOSX.platform/Developer/SDKs/MacOSX10.15.sdk -package-description-version 5";
				SWIFT_VERSION = 5.0;
			};
			name = Release;
		};
		OBJ_3 /* Debug */ = {
			isa = XCBuildConfiguration;
			buildSettings = {
				CLANG_ENABLE_OBJC_ARC = YES;
				COMBINE_HIDPI_IMAGES = YES;
				COPY_PHASE_STRIP = NO;
				DEBUG_INFORMATION_FORMAT = dwarf;
				DYLIB_INSTALL_NAME_BASE = "@rpath";
				ENABLE_NS_ASSERTIONS = YES;
				GCC_OPTIMIZATION_LEVEL = 0;
				GCC_PREPROCESSOR_DEFINITIONS = (
					"$(inherited)",
					"SWIFT_PACKAGE=1",
					"DEBUG=1",
				);
				MACOSX_DEPLOYMENT_TARGET = 10.10;
				ONLY_ACTIVE_ARCH = YES;
				OTHER_SWIFT_FLAGS = "$(inherited) -DXcode";
				PRODUCT_NAME = "$(TARGET_NAME)";
				SDKROOT = macosx;
				SUPPORTED_PLATFORMS = "macosx iphoneos iphonesimulator appletvos appletvsimulator watchos watchsimulator";
				SWIFT_ACTIVE_COMPILATION_CONDITIONS = "$(inherited) SWIFT_PACKAGE DEBUG";
				SWIFT_OPTIMIZATION_LEVEL = "-Onone";
				USE_HEADERMAP = NO;
			};
			name = Debug;
		};
		OBJ_4 /* Release */ = {
			isa = XCBuildConfiguration;
			buildSettings = {
				CLANG_ENABLE_OBJC_ARC = YES;
				COMBINE_HIDPI_IMAGES = YES;
				COPY_PHASE_STRIP = YES;
				DEBUG_INFORMATION_FORMAT = "dwarf-with-dsym";
				DYLIB_INSTALL_NAME_BASE = "@rpath";
				GCC_OPTIMIZATION_LEVEL = s;
				GCC_PREPROCESSOR_DEFINITIONS = (
					"$(inherited)",
					"SWIFT_PACKAGE=1",
				);
				MACOSX_DEPLOYMENT_TARGET = 10.10;
				OTHER_SWIFT_FLAGS = "$(inherited) -DXcode";
				PRODUCT_NAME = "$(TARGET_NAME)";
				SDKROOT = macosx;
				SUPPORTED_PLATFORMS = "macosx iphoneos iphonesimulator appletvos appletvsimulator watchos watchsimulator";
				SWIFT_ACTIVE_COMPILATION_CONDITIONS = "$(inherited) SWIFT_PACKAGE";
				SWIFT_OPTIMIZATION_LEVEL = "-Owholemodule";
				USE_HEADERMAP = NO;
			};
			name = Release;
		};
		OBJ_57 /* Debug */ = {
			isa = XCBuildConfiguration;
			buildSettings = {
				ENABLE_TESTABILITY = YES;
				FRAMEWORK_SEARCH_PATHS = (
					"$(inherited)",
					"$(PLATFORM_DIR)/Developer/Library/Frameworks",
				);
				HEADER_SEARCH_PATHS = "$(inherited)";
				INFOPLIST_FILE = Listener.xcodeproj/Commander_Info.plist;
				LD_RUNPATH_SEARCH_PATHS = "$(inherited) $(TOOLCHAIN_DIR)/usr/lib/swift/macosx";
				OTHER_CFLAGS = "$(inherited)";
				OTHER_LDFLAGS = "$(inherited)";
				OTHER_SWIFT_FLAGS = "$(inherited)";
				PRODUCT_BUNDLE_IDENTIFIER = Commander;
				PRODUCT_MODULE_NAME = "$(TARGET_NAME:c99extidentifier)";
				PRODUCT_NAME = "$(TARGET_NAME:c99extidentifier)";
				SKIP_INSTALL = YES;
				SWIFT_ACTIVE_COMPILATION_CONDITIONS = "$(inherited)";
				SWIFT_VERSION = 4.0;
				TARGET_NAME = Commander;
			};
			name = Debug;
		};
		OBJ_58 /* Release */ = {
			isa = XCBuildConfiguration;
			buildSettings = {
				ENABLE_TESTABILITY = YES;
				FRAMEWORK_SEARCH_PATHS = (
					"$(inherited)",
					"$(PLATFORM_DIR)/Developer/Library/Frameworks",
				);
				HEADER_SEARCH_PATHS = "$(inherited)";
				INFOPLIST_FILE = Listener.xcodeproj/Commander_Info.plist;
				LD_RUNPATH_SEARCH_PATHS = "$(inherited) $(TOOLCHAIN_DIR)/usr/lib/swift/macosx";
				OTHER_CFLAGS = "$(inherited)";
				OTHER_LDFLAGS = "$(inherited)";
				OTHER_SWIFT_FLAGS = "$(inherited)";
				PRODUCT_BUNDLE_IDENTIFIER = Commander;
				PRODUCT_MODULE_NAME = "$(TARGET_NAME:c99extidentifier)";
				PRODUCT_NAME = "$(TARGET_NAME:c99extidentifier)";
				SKIP_INSTALL = YES;
				SWIFT_ACTIVE_COMPILATION_CONDITIONS = "$(inherited)";
				SWIFT_VERSION = 4.0;
				TARGET_NAME = Commander;
			};
			name = Release;
		};
		OBJ_72 /* Debug */ = {
			isa = XCBuildConfiguration;
			buildSettings = {
				LD = /usr/bin/true;
				OTHER_SWIFT_FLAGS = "-swift-version 4 -I $(TOOLCHAIN_DIR)/usr/lib/swift/pm/4 -target x86_64-apple-macosx10.10 -sdk /Applications/Xcode.app/Contents/Developer/Platforms/MacOSX.platform/Developer/SDKs/MacOSX10.15.sdk -package-description-version 4";
				SWIFT_VERSION = 4.0;
			};
			name = Debug;
		};
		OBJ_73 /* Release */ = {
			isa = XCBuildConfiguration;
			buildSettings = {
				LD = /usr/bin/true;
				OTHER_SWIFT_FLAGS = "-swift-version 4 -I $(TOOLCHAIN_DIR)/usr/lib/swift/pm/4 -target x86_64-apple-macosx10.10 -sdk /Applications/Xcode.app/Contents/Developer/Platforms/MacOSX.platform/Developer/SDKs/MacOSX10.15.sdk -package-description-version 4";
				SWIFT_VERSION = 4.0;
			};
			name = Release;
		};
		OBJ_78 /* Debug */ = {
			isa = XCBuildConfiguration;
			buildSettings = {
				FRAMEWORK_SEARCH_PATHS = (
					"$(inherited)",
					"$(PLATFORM_DIR)/Developer/Library/Frameworks",
				);
				HEADER_SEARCH_PATHS = "$(inherited)";
				INFOPLIST_FILE = Listener.xcodeproj/Listener_Info.plist;
				IPHONEOS_DEPLOYMENT_TARGET = 8.0;
				LD_RUNPATH_SEARCH_PATHS = "$(inherited) $(TOOLCHAIN_DIR)/usr/lib/swift/macosx @executable_path";
				MACOSX_DEPLOYMENT_TARGET = 10.13;
				OTHER_CFLAGS = "$(inherited)";
				OTHER_LDFLAGS = "$(inherited)";
				OTHER_SWIFT_FLAGS = "$(inherited)";
				SWIFT_ACTIVE_COMPILATION_CONDITIONS = "$(inherited)";
				SWIFT_FORCE_DYNAMIC_LINK_STDLIB = YES;
				SWIFT_FORCE_STATIC_LINK_STDLIB = NO;
				SWIFT_VERSION = 5.0;
				TARGET_NAME = Listener;
				TVOS_DEPLOYMENT_TARGET = 9.0;
				WATCHOS_DEPLOYMENT_TARGET = 2.0;
			};
			name = Debug;
		};
		OBJ_79 /* Release */ = {
			isa = XCBuildConfiguration;
			buildSettings = {
				FRAMEWORK_SEARCH_PATHS = (
					"$(inherited)",
					"$(PLATFORM_DIR)/Developer/Library/Frameworks",
				);
				HEADER_SEARCH_PATHS = "$(inherited)";
				INFOPLIST_FILE = Listener.xcodeproj/Listener_Info.plist;
				IPHONEOS_DEPLOYMENT_TARGET = 8.0;
				LD_RUNPATH_SEARCH_PATHS = "$(inherited) $(TOOLCHAIN_DIR)/usr/lib/swift/macosx @executable_path";
				MACOSX_DEPLOYMENT_TARGET = 10.13;
				OTHER_CFLAGS = "$(inherited)";
				OTHER_LDFLAGS = "$(inherited)";
				OTHER_SWIFT_FLAGS = "$(inherited)";
				SWIFT_ACTIVE_COMPILATION_CONDITIONS = "$(inherited)";
				SWIFT_FORCE_DYNAMIC_LINK_STDLIB = YES;
				SWIFT_FORCE_STATIC_LINK_STDLIB = NO;
				SWIFT_VERSION = 5.0;
				TARGET_NAME = Listener;
				TVOS_DEPLOYMENT_TARGET = 9.0;
				WATCHOS_DEPLOYMENT_TARGET = 2.0;
			};
			name = Release;
		};
/* End XCBuildConfiguration section */

/* Begin XCConfigurationList section */
		OBJ_100 /* Build configuration list for PBXNativeTarget "ListenerPackageDescription" */ = {
			isa = XCConfigurationList;
			buildConfigurations = (
				OBJ_101 /* Debug */,
				OBJ_102 /* Release */,
			);
			defaultConfigurationIsVisible = 0;
			defaultConfigurationName = Release;
		};
		OBJ_106 /* Build configuration list for PBXAggregateTarget "ListenerPackageTests" */ = {
			isa = XCConfigurationList;
			buildConfigurations = (
				OBJ_107 /* Debug */,
				OBJ_108 /* Release */,
			);
			defaultConfigurationIsVisible = 0;
			defaultConfigurationName = Release;
		};
		OBJ_111 /* Build configuration list for PBXNativeTarget "ListenerTests" */ = {
			isa = XCConfigurationList;
			buildConfigurations = (
				OBJ_112 /* Debug */,
				OBJ_113 /* Release */,
			);
			defaultConfigurationIsVisible = 0;
			defaultConfigurationName = Release;
		};
		OBJ_125 /* Build configuration list for PBXNativeTarget "RegularExpressionDecoder" */ = {
			isa = XCConfigurationList;
			buildConfigurations = (
				OBJ_126 /* Debug */,
				OBJ_127 /* Release */,
			);
			defaultConfigurationIsVisible = 0;
			defaultConfigurationName = Release;
		};
		OBJ_136 /* Build configuration list for PBXNativeTarget "RegularExpressionDecoderPackageDescription" */ = {
			isa = XCConfigurationList;
			buildConfigurations = (
				OBJ_137 /* Debug */,
				OBJ_138 /* Release */,
			);
			defaultConfigurationIsVisible = 0;
			defaultConfigurationName = Release;
		};
		OBJ_141 /* Build configuration list for PBXNativeTarget "SwiftSerial" */ = {
			isa = XCConfigurationList;
			buildConfigurations = (
				OBJ_142 /* Debug */,
				OBJ_143 /* Release */,
			);
			defaultConfigurationIsVisible = 0;
			defaultConfigurationName = Release;
		};
		OBJ_148 /* Build configuration list for PBXNativeTarget "SwiftSerialPackageDescription" */ = {
			isa = XCConfigurationList;
			buildConfigurations = (
				OBJ_149 /* Debug */,
				OBJ_150 /* Release */,
			);
			defaultConfigurationIsVisible = 0;
			defaultConfigurationName = Release;
		};
		OBJ_2 /* Build configuration list for PBXProject "Listener" */ = {
			isa = XCConfigurationList;
			buildConfigurations = (
				OBJ_3 /* Debug */,
				OBJ_4 /* Release */,
			);
			defaultConfigurationIsVisible = 0;
			defaultConfigurationName = Release;
		};
		OBJ_56 /* Build configuration list for PBXNativeTarget "Commander" */ = {
			isa = XCConfigurationList;
			buildConfigurations = (
				OBJ_57 /* Debug */,
				OBJ_58 /* Release */,
			);
			defaultConfigurationIsVisible = 0;
			defaultConfigurationName = Release;
		};
		OBJ_71 /* Build configuration list for PBXNativeTarget "CommanderPackageDescription" */ = {
			isa = XCConfigurationList;
			buildConfigurations = (
				OBJ_72 /* Debug */,
				OBJ_73 /* Release */,
			);
			defaultConfigurationIsVisible = 0;
			defaultConfigurationName = Release;
		};
		OBJ_77 /* Build configuration list for PBXNativeTarget "Listener" */ = {
			isa = XCConfigurationList;
			buildConfigurations = (
				OBJ_78 /* Debug */,
				OBJ_79 /* Release */,
			);
			defaultConfigurationIsVisible = 0;
			defaultConfigurationName = Release;
		};
/* End XCConfigurationList section */
	};
	rootObject = OBJ_1 /* Project object */;
}
